{
  "name": "contoso-fabric-app-lab",
  "version": "0.1.0",
  "lockfileVersion": 3,
  "requires": true,
  "packages": {
    "": {
      "name": "contoso-fabric-app-lab",
      "version": "0.1.0",
      "dependencies": {
        "@microsoft/rayfin-core": "1.36.2"
      },
      "devDependencies": {
        "@types/node": "^22.10.0",
        "typescript": "^5.8.3"
      }
    },
    "node_modules/@microsoft/rayfin-core": {
      "version": "1.36.2",
      "resolved": "https://registry.npmjs.org/@microsoft/rayfin-core/-/rayfin-core-1.36.2.tgz",
      "integrity": "sha512-gsQWM+mzoLQVvhp6cATvMOSrh/a/4u7kPXTDK4HKXZdb00AD5VFu2uxDYogzH/7xB9HTKf3SEI30uMIXi5KKIA==",
      "license": "MIT",
      "dependencies": {
        "@microsoft/rayfin-lib": "1.36.2",
        "@standard-schema/spec": "^1.1.0"
      },
      "peerDependencies": {
        "typescript": "^5.0.0"
      }
    },
    "node_modules/@microsoft/rayfin-lib": {
      "version": "1.36.2",
      "resolved": "https://registry.npmjs.org/@microsoft/rayfin-lib/-/rayfin-lib-1.36.2.tgz",
      "integrity": "sha512-I3juXTwrLHS7/AmY5GhaOTKU7Lzjnhx/6fiZOPQeN+aFmyV8mmRu7qK6BYsQ4yqGXh+acWKE6/8TMZJi7AyiQw==",
      "license": "MIT",
      "dependencies": {
        "pluralize": "^8.0.0"
      }
    },
    "node_modules/@standard-schema/spec": {
      "version": "1.1.0",
      "resolved": "https://registry.npmjs.org/@standard-schema/spec/-/spec-1.1.0.tgz",
      "integrity": "sha512-l2aFy5jALhniG5HgqrD6jXLi/rUWrKvqN/qJx6yoJsgKhblVd+iqqU4RCXavm/jPityDo5TCvKMnpjKnOriy0w==",
      "license": "MIT"
    },
    "node_modules/@types/node": {
      "version": "22.20.5",
      "resolved": "https://registry.npmjs.org/@types/node/-/node-22.20.5.tgz",
      "integrity": "sha512-U2+DNr+wSjpsTS/wZGYHq7GcwfuSmKiKvoPvK22zwTlRhU91yOniN4qRR5KhIjvif7ysw/dz/hKmfDH0Ris4aA==",
      "dev": true,
      "license": "MIT",
      "dependencies": {
        "undici-types": "~6.21.0"
      }
    },
    "node_modules/pluralize": {
      "version": "8.0.0",
      "resolved": "https://registry.npmjs.org/pluralize/-/pluralize-8.0.0.tgz",
      "integrity": "sha512-Nc3IT5yHzflTfbjgqWcCPpo7DaKy4FnpB0l/zCAW0Tc7jxAiuqSxHasntB3D7887LSrA93kDJ9IXovxJYxyLCA==",
      "license": "MIT",
      "engines": {
        "node": ">=4"
      }
    },
    "node_modules/typescript": {
      "version": "5.9.3",
      "resolved": "https://registry.npmjs.org/typescript/-/typescript-5.9.3.tgz",
      "integrity": "sha512-jl1vZzPDinLr9eUt3J/t7V6FgNEw9QjvBPdysz9KfQDD41fQrC2Y4vKQdiaUpFT4bXlb1RHhLpp8wtm6M5TgSw==",
      "license": "Apache-2.0",
      "bin": {
        "tsc": "bin/tsc",
        "tsserver": "bin/tsserver"
      },
      "engines": {
        "node": ">=14.17"
      }
    },
    "node_modules/undici-types": {
      "version": "6.21.0",
      "resolved": "https://registry.npmjs.org/undici-types/-/undici-types-6.21.0.tgz",
      "integrity": "sha512-iwDZqg0QAGrg9Rav5H4n0M64c3mkR59cJ6wQp+7C4nI0gsmExaedaYLNO44eT4AtBBwjbTiGPMlt2Md0T9H9JQ==",
      "dev": true,
      "license": "MIT"
    }
  }
}
